
Microsoft Visual Studio Solution File, Format Version 12.00
# Visual Studio Version 16
VisualStudioVersion = 16.0.30503.244
MinimumVisualStudioVersion = 10.0.40219.1
Project("{2150E333-8FDC-42A3-9474-1A3956D46DE8}") = "Solution Items", "Solution Items", "{0D06908F-0197-4E84-932C-53BC2B558CC6}"
	ProjectSection(SolutionItems) = preProject
		.editorconfig = .editorconfig
		..\.gitattributes = ..\.gitattributes
		..\.gitignore = ..\.gitignore
		CodeMaid.config = CodeMaid.config
		Directory.Build.props = Directory.Build.props
		Directory.Build.targets = Directory.Build.targets
		..\LICENSE.txt = ..\LICENSE.txt
		..\README.md = ..\README.md
	EndProjectSection
EndProject
Project("{9A19103F-16F7-4668-BE54-9A1E7A4F7556}") = "SharpMediaFoundation", "SharpMediaFoundation\SharpMediaFoundation.csproj", "{3EDFEDA9-24F9-4D06-84E9-812993BC91CF}"
EndProject
Project("{FAE04EC0-301F-11D3-BF4B-00C04F79EFBC}") = "SharpMediaFoundation.SampleApp", "SharpMediaFoundation.SampleApp\SharpMediaFoundation.SampleApp.csproj", "{DC870842-AB39-4B87-8079-CEC7D33CE8B9}"
EndProject
Global
	GlobalSection(SolutionConfigurationPlatforms) = preSolution
		Debug|Any CPU = Debug|Any CPU
		Release|Any CPU = Release|Any CPU
	EndGlobalSection
	GlobalSection(ProjectConfigurationPlatforms) = postSolution
		{3EDFEDA9-24F9-4D06-84E9-812993BC91CF}.Debug|Any CPU.ActiveCfg = Debug|Any CPU
		{3EDFEDA9-24F9-4D06-84E9-812993BC91CF}.Debug|Any CPU.Build.0 = Debug|Any CPU
		{3EDFEDA9-24F9-4D06-84E9-812993BC91CF}.Release|Any CPU.ActiveCfg = Release|Any CPU
		{3EDFEDA9-24F9-4D06-84E9-812993BC91CF}.Release|Any CPU.Build.0 = Release|Any CPU
		{DC870842-AB39-4B87-8079-CEC7D33CE8B9}.Debug|Any CPU.ActiveCfg = Debug|Any CPU
		{DC870842-AB39-4B87-8079-CEC7D33CE8B9}.Debug|Any CPU.Build.0 = Debug|Any CPU
		{DC870842-AB39-4B87-8079-CEC7D33CE8B9}.Release|Any CPU.ActiveCfg = Release|Any CPU
		{DC870842-AB39-4B87-8079-CEC7D33CE8B9}.Release|Any CPU.Build.0 = Release|Any CPU
	EndGlobalSection
	GlobalSection(SolutionProperties) = preSolution
		HideSolutionNode = FALSE
	EndGlobalSection
	GlobalSection(ExtensibilityGlobals) = postSolution
		SolutionGuid = {3506EE61-DA87-4B05-BC51-9EDF78B7D59F}
	EndGlobalSection
EndGlobal
